
Microsoft Visual Studio Solution File, Format Version 12.00
# Visual Studio Version 16
VisualStudioVersion = 16.0.31829.152
MinimumVisualStudioVersion = 10.0.40219.1
Project("{FAE04EC0-301F-11D3-BF4B-00C04F79EFBC}") = "API", "API\API.csproj", "{ED2E3EAF-110C-4085-98A4-67937DD8070B}"
EndProject
Global
	GlobalSection(SolutionConfigurationPlatforms) = preSolution
		Debug|Any CPU = Debug|Any CPU
		Release|Any CPU = Release|Any CPU
	EndGlobalSection
	GlobalSection(ProjectConfigurationPlatforms) = postSolution
		{ED2E3EAF-110C-4085-98A4-67937DD8070B}.Debug|Any CPU.ActiveCfg = Debug|Any CPU
		{ED2E3EAF-110C-4085-98A4-67937DD8070B}.Debug|Any CPU.Build.0 = Debug|Any CPU
		{ED2E3EAF-110C-4085-98A4-67937DD8070B}.Release|Any CPU.ActiveCfg = Release|Any CPU
		{ED2E3EAF-110C-4085-98A4-67937DD8070B}.Release|Any CPU.Build.0 = Release|Any CPU
	EndGlobalSection
	GlobalSection(SolutionProperties) = preSolution
		HideSolutionNode = FALSE
	EndGlobalSection
	GlobalSection(ExtensibilityGlobals) = postSolution
		SolutionGuid = {83161D89-581C-4036-91D8-A534889D44CA}
	EndGlobalSection
EndGlobal
